
Microsoft Visual Studio Solution File, Format Version 12.00
# Visual Studio Version 17
VisualStudioVersion = 17.0.31903.59
MinimumVisualStudioVersion = 10.0.40219.1
Project("{FAE04EC0-301F-11D3-BF4B-00C04F79EFBC}") = "BatmanVengeance.Core", "BatmanVengeance.Core\BatmanVengeance.Core.csproj", "{D3C5C4D5-0F78-4462-A716-654E08FFF090}"
EndProject
Project("{FAE04EC0-301F-11D3-BF4B-00C04F79EFBC}") = "BatmanVengeance.Frontend", "BatmanVengeance.Frontend\BatmanVengeance.Frontend.csproj", "{CFD737E0-010F-4A81-B49E-9D15BF2CDB8E}"
EndProject
Project("{FAE04EC0-301F-11D3-BF4B-00C04F79EFBC}") = "BatmanVengeance.Model", "BatmanVengeance.Model\BatmanVengeance.Model.csproj", "{677E6C00-2764-4493-B12D-4B390BD3C419}"
EndProject
Global
	GlobalSection(SolutionConfigurationPlatforms) = preSolution
		Debug|Any CPU = Debug|Any CPU
		Release|Any CPU = Release|Any CPU
	EndGlobalSection
	GlobalSection(SolutionProperties) = preSolution
		HideSolutionNode = FALSE
	EndGlobalSection
	GlobalSection(ProjectConfigurationPlatforms) = postSolution
		{D3C5C4D5-0F78-4462-A716-654E08FFF090}.Debug|Any CPU.ActiveCfg = Debug|Any CPU
		{D3C5C4D5-0F78-4462-A716-654E08FFF090}.Debug|Any CPU.Build.0 = Debug|Any CPU
		{D3C5C4D5-0F78-4462-A716-654E08FFF090}.Release|Any CPU.ActiveCfg = Release|Any CPU
		{D3C5C4D5-0F78-4462-A716-654E08FFF090}.Release|Any CPU.Build.0 = Release|Any CPU
		{CFD737E0-010F-4A81-B49E-9D15BF2CDB8E}.Debug|Any CPU.ActiveCfg = Debug|Any CPU
		{CFD737E0-010F-4A81-B49E-9D15BF2CDB8E}.Debug|Any CPU.Build.0 = Debug|Any CPU
		{CFD737E0-010F-4A81-B49E-9D15BF2CDB8E}.Release|Any CPU.ActiveCfg = Release|Any CPU
		{CFD737E0-010F-4A81-B49E-9D15BF2CDB8E}.Release|Any CPU.Build.0 = Release|Any CPU
		{677E6C00-2764-4493-B12D-4B390BD3C419}.Debug|Any CPU.ActiveCfg = Debug|Any CPU
		{677E6C00-2764-4493-B12D-4B390BD3C419}.Debug|Any CPU.Build.0 = Debug|Any CPU
		{677E6C00-2764-4493-B12D-4B390BD3C419}.Release|Any CPU.ActiveCfg = Release|Any CPU
		{677E6C00-2764-4493-B12D-4B390BD3C419}.Release|Any CPU.Build.0 = Release|Any CPU
	EndGlobalSection
EndGlobal
